
Microsoft Visual Studio Solution File, Format Version 12.00
# Visual Studio Version 17
VisualStudioVersion = 17.11.35327.3
MinimumVisualStudioVersion = 10.0.40219.1
Project("{FAE04EC0-301F-11D3-BF4B-00C04F79EFBC}") = "WebApplication2", "WebApplication2.csproj", "{DC91EDCA-697B-4E15-9418-7F35DD8E307E}"
EndProject
Global
	GlobalSection(SolutionConfigurationPlatforms) = preSolution
		Debug|Any CPU = Debug|Any CPU
		Release|Any CPU = Release|Any CPU
	EndGlobalSection
	GlobalSection(ProjectConfigurationPlatforms) = postSolution
		{DC91EDCA-697B-4E15-9418-7F35DD8E307E}.Debug|Any CPU.ActiveCfg = Debug|Any CPU
		{DC91EDCA-697B-4E15-9418-7F35DD8E307E}.Debug|Any CPU.Build.0 = Debug|Any CPU
		{DC91EDCA-697B-4E15-9418-7F35DD8E307E}.Release|Any CPU.ActiveCfg = Release|Any CPU
		{DC91EDCA-697B-4E15-9418-7F35DD8E307E}.Release|Any CPU.Build.0 = Release|Any CPU
	EndGlobalSection
	GlobalSection(SolutionProperties) = preSolution
		HideSolutionNode = FALSE
	EndGlobalSection
	GlobalSection(ExtensibilityGlobals) = postSolution
		SolutionGuid = {0E0DC5CD-1340-4FA4-AC87-D2B6A588C940}
	EndGlobalSection
EndGlobal
